
Microsoft Visual Studio Solution File, Format Version 12.00
# Visual Studio Version 17
VisualStudioVersion = 17.5.33402.96
MinimumVisualStudioVersion = 10.0.40219.1
Project("{2150E333-8FDC-42A3-9474-1A3956D46DE8}") = "Modules", "Modules", "{3286622B-B797-474B-8975-30242B042689}"
EndProject
Project("{2150E333-8FDC-42A3-9474-1A3956D46DE8}") = "EasyJob", "EasyJob", "{3AD4B994-E4F3-4C79-8C09-EC0B05E51DA1}"
EndProject
Project("{9A19103F-16F7-4668-BE54-9A1E7A4F7556}") = "Gardener.EasyJob", "Modules\EasyJob\Gardener.EasyJob\Gardener.EasyJob.csproj", "{2EAA0A5F-AEDB-4DAC-9525-92D0360894FF}"
EndProject
Project("{9A19103F-16F7-4668-BE54-9A1E7A4F7556}") = "Gardener.EasyJob.Impl", "Modules\EasyJob\Gardener.EasyJob.Impl\Gardener.EasyJob.Impl.csproj", "{B0CCF138-4E9A-4123-BBA4-EC9DD5950F6D}"
EndProject
Project("{2150E333-8FDC-42A3-9474-1A3956D46DE8}") = "WoChat", "WoChat", "{F02762A3-B92F-4365-A04B-176181600E00}"
EndProject
Project("{9A19103F-16F7-4668-BE54-9A1E7A4F7556}") = "Gardener.WoChat.Impl", "Modules\WoChat\Gardener.WoChat.Impl\Gardener.WoChat.Impl.csproj", "{ADD852C9-C9EB-4045-BCA3-ECE19C98EC98}"
EndProject
Project("{9A19103F-16F7-4668-BE54-9A1E7A4F7556}") = "Gardener.WoChat", "Modules\WoChat\Gardener.WoChat\Gardener.WoChat.csproj", "{BC3EDD1A-8E76-424F-BD02-CA0B5BC402D0}"
EndProject
Project("{2150E333-8FDC-42A3-9474-1A3956D46DE8}") = "ToolBox", "ToolBox", "{B64C6610-B88F-4AB8-A9FF-1C6DF9CC519D}"
EndProject
Project("{9A19103F-16F7-4668-BE54-9A1E7A4F7556}") = "Gardener.ToolBox", "Modules\ToolBox\Gardener.ToolBox\Gardener.ToolBox.csproj", "{8A3F08E1-9400-48AF-A4AD-861B0046AD9C}"
EndProject
Project("{9A19103F-16F7-4668-BE54-9A1E7A4F7556}") = "Gardener.ToolBox.Impl", "Modules\ToolBox\Gardener.ToolBox.Impl\Gardener.ToolBox.Impl.csproj", "{CE3D6C4E-4150-4656-A817-4EEE36BB754E}"
EndProject
Project("{2150E333-8FDC-42A3-9474-1A3956D46DE8}") = "Iot", "Iot", "{34F98D5B-3382-4E82-A9EB-3F17F1048C6A}"
EndProject
Project("{9A19103F-16F7-4668-BE54-9A1E7A4F7556}") = "Gardener.Iot", "Modules\Iot\Gardener.Iot\Gardener.Iot.csproj", "{57FB36E8-1B72-40E8-95DA-473DEE714ACB}"
EndProject
Project("{9A19103F-16F7-4668-BE54-9A1E7A4F7556}") = "Gardener.Iot.Impl", "Modules\Iot\Gardener.Iot.Impl\Gardener.Iot.Impl.csproj", "{0293C094-98CC-4B01-ABD7-413CFBDC4593}"
EndProject
Project("{9A19103F-16F7-4668-BE54-9A1E7A4F7556}") = "Gardener.Iot.Server.Mqtt", "Modules\Iot\Gardener.Iot.Server.Mqtt\Gardener.Iot.Server.Mqtt.csproj", "{32A85893-F7D9-45B2-9B0A-EB6AE3FC1997}"
EndProject
Project("{2150E333-8FDC-42A3-9474-1A3956D46DE8}") = "Infrastructure", "Infrastructure", "{F3F59734-6F65-489C-A139-7890C24BE658}"
EndProject
Project("{9A19103F-16F7-4668-BE54-9A1E7A4F7556}") = "Gardener.Core", "Infrastructure\Gardener.Core\Gardener.Core.csproj", "{08D44A84-9397-49EA-A6BF-C71160D7547E}"
EndProject
Project("{9A19103F-16F7-4668-BE54-9A1E7A4F7556}") = "Gardener.Core.Common", "Infrastructure\Gardener.Core.Common\Gardener.Core.Common.csproj", "{FE4FBEB3-5335-4DCE-88FA-F0440B913977}"
EndProject
Project("{9A19103F-16F7-4668-BE54-9A1E7A4F7556}") = "Gardener.Core.Shared", "Infrastructure\Gardener.Core.Shared\Gardener.Core.Shared.csproj", "{FFF5939E-F435-4936-B085-5229F5163981}"
EndProject
Project("{9A19103F-16F7-4668-BE54-9A1E7A4F7556}") = "Gardener.Core.Util", "Infrastructure\Gardener.Core.Util\Gardener.Core.Util.csproj", "{86A747F7-5AC2-4753-B0BA-966A9F903466}"
EndProject
Project("{2150E333-8FDC-42A3-9474-1A3956D46DE8}") = "Internal", "Internal", "{6F15054A-910C-4733-9327-C4480F41CAE0}"
EndProject
Project("{2150E333-8FDC-42A3-9474-1A3956D46DE8}") = "CodeGeneration", "CodeGeneration", "{DA9AFD21-0EF7-46BD-99B9-790935CABBDA}"
EndProject
Project("{9A19103F-16F7-4668-BE54-9A1E7A4F7556}") = "Gardener.Core.CodeGeneration", "Modules\CodeGeneration\Gardener.Core.CodeGeneration\Gardener.Core.CodeGeneration.csproj", "{0B95C7FB-6D71-46C6-B609-5624839FD936}"
EndProject
Project("{9A19103F-16F7-4668-BE54-9A1E7A4F7556}") = "Gardener.Core.CodeGeneration.Impl", "Modules\CodeGeneration\Gardener.Core.CodeGeneration.Impl\Gardener.Core.CodeGeneration.Impl.csproj", "{E6542494-B05B-4E3A-990A-651CC71E180C}"
EndProject
Project("{2150E333-8FDC-42A3-9474-1A3956D46DE8}") = "Application", "Application", "{DC260451-BD2E-40BD-950E-4777E7E24923}"
EndProject
Project("{9A19103F-16F7-4668-BE54-9A1E7A4F7556}") = "Gardener.Api.Entry", "Application\Gardener.Api.Entry\Gardener.Api.Entry.csproj", "{FA300DF6-49EB-4D74-92E6-729E1991ACBD}"
EndProject
Project("{9A19103F-16F7-4668-BE54-9A1E7A4F7556}") = "Gardener.Core.Client", "Infrastructure\Gardener.Core.Client\Gardener.Core.Client.csproj", "{7CE7F8B8-B082-463A-A1DA-889B013280C0}"
EndProject
Project("{9A19103F-16F7-4668-BE54-9A1E7A4F7556}") = "Gardener.Core.Client.Impl", "Infrastructure\Gardener.Core.Client.Impl\Gardener.Core.Client.Impl.csproj", "{4F0D80BC-5517-4E02-8D66-FDB552CA9070}"
EndProject
Project("{9A19103F-16F7-4668-BE54-9A1E7A4F7556}") = "Gardener.Client.Entry", "Application\Gardener.Client.Entry\Gardener.Client.Entry.csproj", "{FD73034A-F84B-44B6-AEDD-6ED744395A50}"
EndProject
Project("{9A19103F-16F7-4668-BE54-9A1E7A4F7556}") = "Gardener.Api.Core", "Application\Gardener.Api.Core\Gardener.Api.Core.csproj", "{C7142007-976C-400A-B6CF-CFB562F5AD4E}"
EndProject
Project("{9A19103F-16F7-4668-BE54-9A1E7A4F7556}") = "Gardener.Entry", "Application\Gardener.Entry\Gardener.Entry.csproj", "{E0C2C6EF-94D8-4026-A291-AD54D2CDEE24}"
EndProject
Project("{9A19103F-16F7-4668-BE54-9A1E7A4F7556}") = "Gardener.ToolBox.Client", "Modules\ToolBox\Gardener.ToolBox.Client\Gardener.ToolBox.Client.csproj", "{065E15CB-FA21-4C60-BEBC-6E5EFB8AC80D}"
EndProject
Project("{9A19103F-16F7-4668-BE54-9A1E7A4F7556}") = "Gardener.EasyJob.Client", "Modules\EasyJob\Gardener.EasyJob.Client\Gardener.EasyJob.Client.csproj", "{5177C697-84C7-4651-98C8-5283FB229DFF}"
EndProject
Project("{9A19103F-16F7-4668-BE54-9A1E7A4F7556}") = "Gardener.WoChat.Client", "Modules\WoChat\Gardener.WoChat.Client\Gardener.WoChat.Client.csproj", "{5213D9A2-CDE0-4752-9514-0DD421F33218}"
EndProject
Project("{9A19103F-16F7-4668-BE54-9A1E7A4F7556}") = "Gardener.Iot.Client", "Modules\Iot\Gardener.Iot.Client\Gardener.Iot.Client.csproj", "{23CB5C12-3BD6-4AF8-883E-E38453289608}"
EndProject
Project("{9A19103F-16F7-4668-BE54-9A1E7A4F7556}") = "Gardener.Core.Api.Impl", "Infrastructure\Gardener.Core.Api.Impl\Gardener.Core.Api.Impl.csproj", "{D7FC74EC-B9AD-44FD-9705-5DDD0D141211}"
EndProject
Project("{9A19103F-16F7-4668-BE54-9A1E7A4F7556}") = "Gardener.Core.Impl", "Infrastructure\Gardener.Core.Impl\Gardener.Core.Impl.csproj", "{6AF4A9F6-AEDF-458C-8ED1-B641E5AA6B77}"
EndProject
Project("{9A19103F-16F7-4668-BE54-9A1E7A4F7556}") = "Gardener.Core.CodeGeneration.Client", "Modules\CodeGeneration\Gardener.Core.CodeGeneration.Client\Gardener.Core.CodeGeneration.Client.csproj", "{3608DB14-D42B-40FA-A27C-52CF7DC91D62}"
EndProject
Project("{9A19103F-16F7-4668-BE54-9A1E7A4F7556}") = "Gardener.Iot.Server.Tcp", "Modules\Iot\Gardener.Iot.Server.Tcp\Gardener.Iot.Server.Tcp.csproj", "{18B105C4-F792-403A-BF54-DC012B947FAB}"
EndProject
Project("{2150E333-8FDC-42A3-9474-1A3956D46DE8}") = "Weighbridge", "Weighbridge", "{2D8AE956-2CA5-4619-8AB5-194019DC9F94}"
EndProject
Project("{9A19103F-16F7-4668-BE54-9A1E7A4F7556}") = "Gardener.Weighbridge", "Modules\Weighbridge\Gardener.Weighbridge\Gardener.Weighbridge.csproj", "{D8477689-021F-43FE-8AE5-A57638626C76}"
EndProject
Project("{9A19103F-16F7-4668-BE54-9A1E7A4F7556}") = "Gardener.Weighbridge.Impl", "Modules\Weighbridge\Gardener.Weighbridge.Impl\Gardener.Weighbridge.Impl.csproj", "{08645F4A-6745-4783-B369-E59402F429EE}"
EndProject
Project("{9A19103F-16F7-4668-BE54-9A1E7A4F7556}") = "Gardener.Weighbridge.Client", "Modules\Weighbridge\Gardener.Weighbridge.Client\Gardener.Weighbridge.Client.csproj", "{9FB99468-EAC1-42E7-A4DD-4FEEA8F3B44B}"
EndProject
Project("{9A19103F-16F7-4668-BE54-9A1E7A4F7556}") = "Gardener.Client.Auto.Entry", "Application\Gardener.Client.Auto.Entry\Gardener.Client.Auto.Entry.csproj", "{1FA958FA-A711-4314-A149-858F645324F4}"
EndProject
Global
	GlobalSection(SolutionConfigurationPlatforms) = preSolution
		Debug|Any CPU = Debug|Any CPU
		Release|Any CPU = Release|Any CPU
	EndGlobalSection
	GlobalSection(ProjectConfigurationPlatforms) = postSolution
		{2EAA0A5F-AEDB-4DAC-9525-92D0360894FF}.Debug|Any CPU.ActiveCfg = Debug|Any CPU
		{2EAA0A5F-AEDB-4DAC-9525-92D0360894FF}.Debug|Any CPU.Build.0 = Debug|Any CPU
		{2EAA0A5F-AEDB-4DAC-9525-92D0360894FF}.Release|Any CPU.ActiveCfg = Release|Any CPU
		{2EAA0A5F-AEDB-4DAC-9525-92D0360894FF}.Release|Any CPU.Build.0 = Release|Any CPU
		{B0CCF138-4E9A-4123-BBA4-EC9DD5950F6D}.Debug|Any CPU.ActiveCfg = Debug|Any CPU
		{B0CCF138-4E9A-4123-BBA4-EC9DD5950F6D}.Debug|Any CPU.Build.0 = Debug|Any CPU
		{B0CCF138-4E9A-4123-BBA4-EC9DD5950F6D}.Release|Any CPU.ActiveCfg = Release|Any CPU
		{B0CCF138-4E9A-4123-BBA4-EC9DD5950F6D}.Release|Any CPU.Build.0 = Release|Any CPU
		{ADD852C9-C9EB-4045-BCA3-ECE19C98EC98}.Debug|Any CPU.ActiveCfg = Debug|Any CPU
		{ADD852C9-C9EB-4045-BCA3-ECE19C98EC98}.Debug|Any CPU.Build.0 = Debug|Any CPU
		{ADD852C9-C9EB-4045-BCA3-ECE19C98EC98}.Release|Any CPU.ActiveCfg = Release|Any CPU
		{ADD852C9-C9EB-4045-BCA3-ECE19C98EC98}.Release|Any CPU.Build.0 = Release|Any CPU
		{BC3EDD1A-8E76-424F-BD02-CA0B5BC402D0}.Debug|Any CPU.ActiveCfg = Debug|Any CPU
		{BC3EDD1A-8E76-424F-BD02-CA0B5BC402D0}.Debug|Any CPU.Build.0 = Debug|Any CPU
		{BC3EDD1A-8E76-424F-BD02-CA0B5BC402D0}.Release|Any CPU.ActiveCfg = Release|Any CPU
		{BC3EDD1A-8E76-424F-BD02-CA0B5BC402D0}.Release|Any CPU.Build.0 = Release|Any CPU
		{8A3F08E1-9400-48AF-A4AD-861B0046AD9C}.Debug|Any CPU.ActiveCfg = Debug|Any CPU
		{8A3F08E1-9400-48AF-A4AD-861B0046AD9C}.Debug|Any CPU.Build.0 = Debug|Any CPU
		{8A3F08E1-9400-48AF-A4AD-861B0046AD9C}.Release|Any CPU.ActiveCfg = Release|Any CPU
		{8A3F08E1-9400-48AF-A4AD-861B0046AD9C}.Release|Any CPU.Build.0 = Release|Any CPU
		{CE3D6C4E-4150-4656-A817-4EEE36BB754E}.Debug|Any CPU.ActiveCfg = Debug|Any CPU
		{CE3D6C4E-4150-4656-A817-4EEE36BB754E}.Debug|Any CPU.Build.0 = Debug|Any CPU
		{CE3D6C4E-4150-4656-A817-4EEE36BB754E}.Release|Any CPU.ActiveCfg = Release|Any CPU
		{CE3D6C4E-4150-4656-A817-4EEE36BB754E}.Release|Any CPU.Build.0 = Release|Any CPU
		{57FB36E8-1B72-40E8-95DA-473DEE714ACB}.Debug|Any CPU.ActiveCfg = Debug|Any CPU
		{57FB36E8-1B72-40E8-95DA-473DEE714ACB}.Debug|Any CPU.Build.0 = Debug|Any CPU
		{57FB36E8-1B72-40E8-95DA-473DEE714ACB}.Release|Any CPU.ActiveCfg = Release|Any CPU
		{57FB36E8-1B72-40E8-95DA-473DEE714ACB}.Release|Any CPU.Build.0 = Release|Any CPU
		{0293C094-98CC-4B01-ABD7-413CFBDC4593}.Debug|Any CPU.ActiveCfg = Debug|Any CPU
		{0293C094-98CC-4B01-ABD7-413CFBDC4593}.Debug|Any CPU.Build.0 = Debug|Any CPU
		{0293C094-98CC-4B01-ABD7-413CFBDC4593}.Release|Any CPU.ActiveCfg = Release|Any CPU
		{0293C094-98CC-4B01-ABD7-413CFBDC4593}.Release|Any CPU.Build.0 = Release|Any CPU
		{32A85893-F7D9-45B2-9B0A-EB6AE3FC1997}.Debug|Any CPU.ActiveCfg = Debug|Any CPU
		{32A85893-F7D9-45B2-9B0A-EB6AE3FC1997}.Debug|Any CPU.Build.0 = Debug|Any CPU
		{32A85893-F7D9-45B2-9B0A-EB6AE3FC1997}.Release|Any CPU.ActiveCfg = Release|Any CPU
		{32A85893-F7D9-45B2-9B0A-EB6AE3FC1997}.Release|Any CPU.Build.0 = Release|Any CPU
		{08D44A84-9397-49EA-A6BF-C71160D7547E}.Debug|Any CPU.ActiveCfg = Debug|Any CPU
		{08D44A84-9397-49EA-A6BF-C71160D7547E}.Debug|Any CPU.Build.0 = Debug|Any CPU
		{08D44A84-9397-49EA-A6BF-C71160D7547E}.Release|Any CPU.ActiveCfg = Release|Any CPU
		{08D44A84-9397-49EA-A6BF-C71160D7547E}.Release|Any CPU.Build.0 = Release|Any CPU
		{FE4FBEB3-5335-4DCE-88FA-F0440B913977}.Debug|Any CPU.ActiveCfg = Debug|Any CPU
		{FE4FBEB3-5335-4DCE-88FA-F0440B913977}.Debug|Any CPU.Build.0 = Debug|Any CPU
		{FE4FBEB3-5335-4DCE-88FA-F0440B913977}.Release|Any CPU.ActiveCfg = Release|Any CPU
		{FE4FBEB3-5335-4DCE-88FA-F0440B913977}.Release|Any CPU.Build.0 = Release|Any CPU
		{FFF5939E-F435-4936-B085-5229F5163981}.Debug|Any CPU.ActiveCfg = Debug|Any CPU
		{FFF5939E-F435-4936-B085-5229F5163981}.Debug|Any CPU.Build.0 = Debug|Any CPU
		{FFF5939E-F435-4936-B085-5229F5163981}.Release|Any CPU.ActiveCfg = Release|Any CPU
		{FFF5939E-F435-4936-B085-5229F5163981}.Release|Any CPU.Build.0 = Release|Any CPU
		{86A747F7-5AC2-4753-B0BA-966A9F903466}.Debug|Any CPU.ActiveCfg = Debug|Any CPU
		{86A747F7-5AC2-4753-B0BA-966A9F903466}.Debug|Any CPU.Build.0 = Debug|Any CPU
		{86A747F7-5AC2-4753-B0BA-966A9F903466}.Release|Any CPU.ActiveCfg = Release|Any CPU
		{86A747F7-5AC2-4753-B0BA-966A9F903466}.Release|Any CPU.Build.0 = Release|Any CPU
		{0B95C7FB-6D71-46C6-B609-5624839FD936}.Debug|Any CPU.ActiveCfg = Debug|Any CPU
		{0B95C7FB-6D71-46C6-B609-5624839FD936}.Debug|Any CPU.Build.0 = Debug|Any CPU
		{0B95C7FB-6D71-46C6-B609-5624839FD936}.Release|Any CPU.ActiveCfg = Release|Any CPU
		{0B95C7FB-6D71-46C6-B609-5624839FD936}.Release|Any CPU.Build.0 = Release|Any CPU
		{E6542494-B05B-4E3A-990A-651CC71E180C}.Debug|Any CPU.ActiveCfg = Debug|Any CPU
		{E6542494-B05B-4E3A-990A-651CC71E180C}.Debug|Any CPU.Build.0 = Debug|Any CPU
		{E6542494-B05B-4E3A-990A-651CC71E180C}.Release|Any CPU.ActiveCfg = Release|Any CPU
		{E6542494-B05B-4E3A-990A-651CC71E180C}.Release|Any CPU.Build.0 = Release|Any CPU
		{FA300DF6-49EB-4D74-92E6-729E1991ACBD}.Debug|Any CPU.ActiveCfg = Debug|Any CPU
		{FA300DF6-49EB-4D74-92E6-729E1991ACBD}.Debug|Any CPU.Build.0 = Debug|Any CPU
		{FA300DF6-49EB-4D74-92E6-729E1991ACBD}.Release|Any CPU.ActiveCfg = Release|Any CPU
		{FA300DF6-49EB-4D74-92E6-729E1991ACBD}.Release|Any CPU.Build.0 = Release|Any CPU
		{7CE7F8B8-B082-463A-A1DA-889B013280C0}.Debug|Any CPU.ActiveCfg = Debug|Any CPU
		{7CE7F8B8-B082-463A-A1DA-889B013280C0}.Debug|Any CPU.Build.0 = Debug|Any CPU
		{7CE7F8B8-B082-463A-A1DA-889B013280C0}.Release|Any CPU.ActiveCfg = Release|Any CPU
		{7CE7F8B8-B082-463A-A1DA-889B013280C0}.Release|Any CPU.Build.0 = Release|Any CPU
		{4F0D80BC-5517-4E02-8D66-FDB552CA9070}.Debug|Any CPU.ActiveCfg = Debug|Any CPU
		{4F0D80BC-5517-4E02-8D66-FDB552CA9070}.Debug|Any CPU.Build.0 = Debug|Any CPU
		{4F0D80BC-5517-4E02-8D66-FDB552CA9070}.Release|Any CPU.ActiveCfg = Release|Any CPU
		{4F0D80BC-5517-4E02-8D66-FDB552CA9070}.Release|Any CPU.Build.0 = Release|Any CPU
		{FD73034A-F84B-44B6-AEDD-6ED744395A50}.Debug|Any CPU.ActiveCfg = Debug|Any CPU
		{FD73034A-F84B-44B6-AEDD-6ED744395A50}.Debug|Any CPU.Build.0 = Debug|Any CPU
		{FD73034A-F84B-44B6-AEDD-6ED744395A50}.Release|Any CPU.ActiveCfg = Release|Any CPU
		{FD73034A-F84B-44B6-AEDD-6ED744395A50}.Release|Any CPU.Build.0 = Release|Any CPU
		{C7142007-976C-400A-B6CF-CFB562F5AD4E}.Debug|Any CPU.ActiveCfg = Debug|Any CPU
		{C7142007-976C-400A-B6CF-CFB562F5AD4E}.Debug|Any CPU.Build.0 = Debug|Any CPU
		{C7142007-976C-400A-B6CF-CFB562F5AD4E}.Release|Any CPU.ActiveCfg = Release|Any CPU
		{C7142007-976C-400A-B6CF-CFB562F5AD4E}.Release|Any CPU.Build.0 = Release|Any CPU
		{E0C2C6EF-94D8-4026-A291-AD54D2CDEE24}.Debug|Any CPU.ActiveCfg = Debug|Any CPU
		{E0C2C6EF-94D8-4026-A291-AD54D2CDEE24}.Debug|Any CPU.Build.0 = Debug|Any CPU
		{E0C2C6EF-94D8-4026-A291-AD54D2CDEE24}.Release|Any CPU.ActiveCfg = Release|Any CPU
		{E0C2C6EF-94D8-4026-A291-AD54D2CDEE24}.Release|Any CPU.Build.0 = Release|Any CPU
		{065E15CB-FA21-4C60-BEBC-6E5EFB8AC80D}.Debug|Any CPU.ActiveCfg = Debug|Any CPU
		{065E15CB-FA21-4C60-BEBC-6E5EFB8AC80D}.Debug|Any CPU.Build.0 = Debug|Any CPU
		{065E15CB-FA21-4C60-BEBC-6E5EFB8AC80D}.Release|Any CPU.ActiveCfg = Release|Any CPU
		{065E15CB-FA21-4C60-BEBC-6E5EFB8AC80D}.Release|Any CPU.Build.0 = Release|Any CPU
		{5177C697-84C7-4651-98C8-5283FB229DFF}.Debug|Any CPU.ActiveCfg = Debug|Any CPU
		{5177C697-84C7-4651-98C8-5283FB229DFF}.Debug|Any CPU.Build.0 = Debug|Any CPU
		{5177C697-84C7-4651-98C8-5283FB229DFF}.Release|Any CPU.ActiveCfg = Release|Any CPU
		{5177C697-84C7-4651-98C8-5283FB229DFF}.Release|Any CPU.Build.0 = Release|Any CPU
		{5213D9A2-CDE0-4752-9514-0DD421F33218}.Debug|Any CPU.ActiveCfg = Debug|Any CPU
		{5213D9A2-CDE0-4752-9514-0DD421F33218}.Debug|Any CPU.Build.0 = Debug|Any CPU
		{5213D9A2-CDE0-4752-9514-0DD421F33218}.Release|Any CPU.ActiveCfg = Release|Any CPU
		{5213D9A2-CDE0-4752-9514-0DD421F33218}.Release|Any CPU.Build.0 = Release|Any CPU
		{23CB5C12-3BD6-4AF8-883E-E38453289608}.Debug|Any CPU.ActiveCfg = Debug|Any CPU
		{23CB5C12-3BD6-4AF8-883E-E38453289608}.Debug|Any CPU.Build.0 = Debug|Any CPU
		{23CB5C12-3BD6-4AF8-883E-E38453289608}.Release|Any CPU.ActiveCfg = Release|Any CPU
		{23CB5C12-3BD6-4AF8-883E-E38453289608}.Release|Any CPU.Build.0 = Release|Any CPU
		{D7FC74EC-B9AD-44FD-9705-5DDD0D141211}.Debug|Any CPU.ActiveCfg = Debug|Any CPU
		{D7FC74EC-B9AD-44FD-9705-5DDD0D141211}.Debug|Any CPU.Build.0 = Debug|Any CPU
		{D7FC74EC-B9AD-44FD-9705-5DDD0D141211}.Release|Any CPU.ActiveCfg = Release|Any CPU
		{D7FC74EC-B9AD-44FD-9705-5DDD0D141211}.Release|Any CPU.Build.0 = Release|Any CPU
		{6AF4A9F6-AEDF-458C-8ED1-B641E5AA6B77}.Debug|Any CPU.ActiveCfg = Debug|Any CPU
		{6AF4A9F6-AEDF-458C-8ED1-B641E5AA6B77}.Debug|Any CPU.Build.0 = Debug|Any CPU
		{6AF4A9F6-AEDF-458C-8ED1-B641E5AA6B77}.Release|Any CPU.ActiveCfg = Release|Any CPU
		{6AF4A9F6-AEDF-458C-8ED1-B641E5AA6B77}.Release|Any CPU.Build.0 = Release|Any CPU
		{3608DB14-D42B-40FA-A27C-52CF7DC91D62}.Debug|Any CPU.ActiveCfg = Debug|Any CPU
		{3608DB14-D42B-40FA-A27C-52CF7DC91D62}.Debug|Any CPU.Build.0 = Debug|Any CPU
		{3608DB14-D42B-40FA-A27C-52CF7DC91D62}.Release|Any CPU.ActiveCfg = Release|Any CPU
		{3608DB14-D42B-40FA-A27C-52CF7DC91D62}.Release|Any CPU.Build.0 = Release|Any CPU
		{18B105C4-F792-403A-BF54-DC012B947FAB}.Debug|Any CPU.ActiveCfg = Debug|Any CPU
		{18B105C4-F792-403A-BF54-DC012B947FAB}.Debug|Any CPU.Build.0 = Debug|Any CPU
		{18B105C4-F792-403A-BF54-DC012B947FAB}.Release|Any CPU.ActiveCfg = Release|Any CPU
		{18B105C4-F792-403A-BF54-DC012B947FAB}.Release|Any CPU.Build.0 = Release|Any CPU
		{D8477689-021F-43FE-8AE5-A57638626C76}.Debug|Any CPU.ActiveCfg = Debug|Any CPU
		{D8477689-021F-43FE-8AE5-A57638626C76}.Debug|Any CPU.Build.0 = Debug|Any CPU
		{D8477689-021F-43FE-8AE5-A57638626C76}.Release|Any CPU.ActiveCfg = Release|Any CPU
		{D8477689-021F-43FE-8AE5-A57638626C76}.Release|Any CPU.Build.0 = Release|Any CPU
		{08645F4A-6745-4783-B369-E59402F429EE}.Debug|Any CPU.ActiveCfg = Debug|Any CPU
		{08645F4A-6745-4783-B369-E59402F429EE}.Debug|Any CPU.Build.0 = Debug|Any CPU
		{08645F4A-6745-4783-B369-E59402F429EE}.Release|Any CPU.ActiveCfg = Release|Any CPU
		{08645F4A-6745-4783-B369-E59402F429EE}.Release|Any CPU.Build.0 = Release|Any CPU
		{9FB99468-EAC1-42E7-A4DD-4FEEA8F3B44B}.Debug|Any CPU.ActiveCfg = Debug|Any CPU
		{9FB99468-EAC1-42E7-A4DD-4FEEA8F3B44B}.Debug|Any CPU.Build.0 = Debug|Any CPU
		{9FB99468-EAC1-42E7-A4DD-4FEEA8F3B44B}.Release|Any CPU.ActiveCfg = Release|Any CPU
		{9FB99468-EAC1-42E7-A4DD-4FEEA8F3B44B}.Release|Any CPU.Build.0 = Release|Any CPU
		{1FA958FA-A711-4314-A149-858F645324F4}.Debug|Any CPU.ActiveCfg = Debug|Any CPU
		{1FA958FA-A711-4314-A149-858F645324F4}.Debug|Any CPU.Build.0 = Debug|Any CPU
		{1FA958FA-A711-4314-A149-858F645324F4}.Release|Any CPU.ActiveCfg = Release|Any CPU
		{1FA958FA-A711-4314-A149-858F645324F4}.Release|Any CPU.Build.0 = Release|Any CPU
	EndGlobalSection
	GlobalSection(SolutionProperties) = preSolution
		HideSolutionNode = FALSE
	EndGlobalSection
	GlobalSection(NestedProjects) = preSolution
		{3AD4B994-E4F3-4C79-8C09-EC0B05E51DA1} = {3286622B-B797-474B-8975-30242B042689}
		{2EAA0A5F-AEDB-4DAC-9525-92D0360894FF} = {3AD4B994-E4F3-4C79-8C09-EC0B05E51DA1}
		{B0CCF138-4E9A-4123-BBA4-EC9DD5950F6D} = {3AD4B994-E4F3-4C79-8C09-EC0B05E51DA1}
		{F02762A3-B92F-4365-A04B-176181600E00} = {3286622B-B797-474B-8975-30242B042689}
		{ADD852C9-C9EB-4045-BCA3-ECE19C98EC98} = {F02762A3-B92F-4365-A04B-176181600E00}
		{BC3EDD1A-8E76-424F-BD02-CA0B5BC402D0} = {F02762A3-B92F-4365-A04B-176181600E00}
		{B64C6610-B88F-4AB8-A9FF-1C6DF9CC519D} = {3286622B-B797-474B-8975-30242B042689}
		{8A3F08E1-9400-48AF-A4AD-861B0046AD9C} = {B64C6610-B88F-4AB8-A9FF-1C6DF9CC519D}
		{CE3D6C4E-4150-4656-A817-4EEE36BB754E} = {B64C6610-B88F-4AB8-A9FF-1C6DF9CC519D}
		{34F98D5B-3382-4E82-A9EB-3F17F1048C6A} = {3286622B-B797-474B-8975-30242B042689}
		{57FB36E8-1B72-40E8-95DA-473DEE714ACB} = {34F98D5B-3382-4E82-A9EB-3F17F1048C6A}
		{0293C094-98CC-4B01-ABD7-413CFBDC4593} = {34F98D5B-3382-4E82-A9EB-3F17F1048C6A}
		{32A85893-F7D9-45B2-9B0A-EB6AE3FC1997} = {34F98D5B-3382-4E82-A9EB-3F17F1048C6A}
		{08D44A84-9397-49EA-A6BF-C71160D7547E} = {F3F59734-6F65-489C-A139-7890C24BE658}
		{FE4FBEB3-5335-4DCE-88FA-F0440B913977} = {F3F59734-6F65-489C-A139-7890C24BE658}
		{FFF5939E-F435-4936-B085-5229F5163981} = {F3F59734-6F65-489C-A139-7890C24BE658}
		{86A747F7-5AC2-4753-B0BA-966A9F903466} = {F3F59734-6F65-489C-A139-7890C24BE658}
		{6F15054A-910C-4733-9327-C4480F41CAE0} = {F3F59734-6F65-489C-A139-7890C24BE658}
		{DA9AFD21-0EF7-46BD-99B9-790935CABBDA} = {3286622B-B797-474B-8975-30242B042689}
		{0B95C7FB-6D71-46C6-B609-5624839FD936} = {DA9AFD21-0EF7-46BD-99B9-790935CABBDA}
		{E6542494-B05B-4E3A-990A-651CC71E180C} = {DA9AFD21-0EF7-46BD-99B9-790935CABBDA}
		{FA300DF6-49EB-4D74-92E6-729E1991ACBD} = {DC260451-BD2E-40BD-950E-4777E7E24923}
		{7CE7F8B8-B082-463A-A1DA-889B013280C0} = {F3F59734-6F65-489C-A139-7890C24BE658}
		{4F0D80BC-5517-4E02-8D66-FDB552CA9070} = {6F15054A-910C-4733-9327-C4480F41CAE0}
		{FD73034A-F84B-44B6-AEDD-6ED744395A50} = {DC260451-BD2E-40BD-950E-4777E7E24923}
		{C7142007-976C-400A-B6CF-CFB562F5AD4E} = {DC260451-BD2E-40BD-950E-4777E7E24923}
		{E0C2C6EF-94D8-4026-A291-AD54D2CDEE24} = {DC260451-BD2E-40BD-950E-4777E7E24923}
		{065E15CB-FA21-4C60-BEBC-6E5EFB8AC80D} = {B64C6610-B88F-4AB8-A9FF-1C6DF9CC519D}
		{5177C697-84C7-4651-98C8-5283FB229DFF} = {3AD4B994-E4F3-4C79-8C09-EC0B05E51DA1}
		{5213D9A2-CDE0-4752-9514-0DD421F33218} = {F02762A3-B92F-4365-A04B-176181600E00}
		{23CB5C12-3BD6-4AF8-883E-E38453289608} = {34F98D5B-3382-4E82-A9EB-3F17F1048C6A}
		{D7FC74EC-B9AD-44FD-9705-5DDD0D141211} = {6F15054A-910C-4733-9327-C4480F41CAE0}
		{6AF4A9F6-AEDF-458C-8ED1-B641E5AA6B77} = {6F15054A-910C-4733-9327-C4480F41CAE0}
		{3608DB14-D42B-40FA-A27C-52CF7DC91D62} = {DA9AFD21-0EF7-46BD-99B9-790935CABBDA}
		{18B105C4-F792-403A-BF54-DC012B947FAB} = {34F98D5B-3382-4E82-A9EB-3F17F1048C6A}
		{2D8AE956-2CA5-4619-8AB5-194019DC9F94} = {3286622B-B797-474B-8975-30242B042689}
		{D8477689-021F-43FE-8AE5-A57638626C76} = {2D8AE956-2CA5-4619-8AB5-194019DC9F94}
		{08645F4A-6745-4783-B369-E59402F429EE} = {2D8AE956-2CA5-4619-8AB5-194019DC9F94}
		{9FB99468-EAC1-42E7-A4DD-4FEEA8F3B44B} = {2D8AE956-2CA5-4619-8AB5-194019DC9F94}
		{1FA958FA-A711-4314-A149-858F645324F4} = {DC260451-BD2E-40BD-950E-4777E7E24923}
	EndGlobalSection
	GlobalSection(ExtensibilityGlobals) = postSolution
		SolutionGuid = {0782AFAE-11B9-4CBE-8DC6-169EB1CBA894}
	EndGlobalSection
EndGlobal
